
Microsoft Visual Studio Solution File, Format Version 12.00
# Visual Studio 15
VisualStudioVersion = 15.0.28010.2016
MinimumVisualStudioVersion = 10.0.40219.1
Project("{F184B08F-C81C-45F6-A57F-5ABD9991F28F}") = "InspectorWork", "InspectorWork\InspectorWork.vbproj", "{4FEF28DD-379F-4D5C-93A3-6D5AB8D9E949}"
EndProject
Global
	GlobalSection(SolutionConfigurationPlatforms) = preSolution
		Debug|x86 = Debug|x86
		Release|x86 = Release|x86
	EndGlobalSection
	GlobalSection(ProjectConfigurationPlatforms) = postSolution
		{4FEF28DD-379F-4D5C-93A3-6D5AB8D9E949}.Debug|x86.ActiveCfg = Debug|x86
		{4FEF28DD-379F-4D5C-93A3-6D5AB8D9E949}.Debug|x86.Build.0 = Debug|x86
		{4FEF28DD-379F-4D5C-93A3-6D5AB8D9E949}.Release|x86.ActiveCfg = Release|x86
		{4FEF28DD-379F-4D5C-93A3-6D5AB8D9E949}.Release|x86.Build.0 = Release|x86
	EndGlobalSection
	GlobalSection(SolutionProperties) = preSolution
		HideSolutionNode = FALSE
	EndGlobalSection
	GlobalSection(ExtensibilityGlobals) = postSolution
		SolutionGuid = {3D7B7359-2487-4D6A-8BDB-A2DE250278B3}
	EndGlobalSection
EndGlobal
